
Microsoft Visual Studio Solution File, Format Version 12.00
# Visual Studio 14
VisualStudioVersion = 14.0.24720.0
MinimumVisualStudioVersion = 10.0.40219.1
Project("{FAE04EC0-301F-11D3-BF4B-00C04F79EFBC}") = "TouristGuide", "TouristGuide\TouristGuide.csproj", "{0BFFED21-0F42-4B6F-89C7-390E0B68A813}"
EndProject
Global
	GlobalSection(SolutionConfigurationPlatforms) = preSolution
		Debug|Any CPU = Debug|Any CPU
		Release|Any CPU = Release|Any CPU
	EndGlobalSection
	GlobalSection(ProjectConfigurationPlatforms) = postSolution
		{0BFFED21-0F42-4B6F-89C7-390E0B68A813}.Debug|Any CPU.ActiveCfg = Debug|Any CPU
		{0BFFED21-0F42-4B6F-89C7-390E0B68A813}.Debug|Any CPU.Build.0 = Debug|Any CPU
		{0BFFED21-0F42-4B6F-89C7-390E0B68A813}.Release|Any CPU.ActiveCfg = Release|Any CPU
		{0BFFED21-0F42-4B6F-89C7-390E0B68A813}.Release|Any CPU.Build.0 = Release|Any CPU
	EndGlobalSection
	GlobalSection(SolutionProperties) = preSolution
		HideSolutionNode = FALSE
	EndGlobalSection
EndGlobal
